// !$*UTF8*$!
{
	archiveVersion = 1;
	classes = {
	};
	objectVersion = 55;
	objects = {

/* Begin PBXBuildFile section */
		8B49EC11C06EFCB69AB4D402 /* Pods_trackingEsri.framework in Frameworks */ = {isa = PBXBuildFile; fileRef = 33339151202147B7BDF93831 /* Pods_trackingEsri.framework */; };
		D31F786F2942603800E02FD5 /* GeoCoderMapViewController.swift in Sources */ = {isa = PBXBuildFile; fileRef = D31F786E2942603800E02FD5 /* GeoCoderMapViewController.swift */; };
		D34BB7E5294B961F003927C0 /* CompersionTwoRoutesExtensions.swift in Sources */ = {isa = PBXBuildFile; fileRef = D34BB7E4294B961F003927C0 /* CompersionTwoRoutesExtensions.swift */; };
		D372AC00294B73ED00C31EBB /* GoogleService-Info.plist in Resources */ = {isa = PBXBuildFile; fileRef = D372ABFF294B73ED00C31EBB /* GoogleService-Info.plist */; };
		D372AC03294B756F00C31EBB /* Firebase.swift in Sources */ = {isa = PBXBuildFile; fileRef = D372AC02294B756F00C31EBB /* Firebase.swift */; };
		D372AC05294B78AF00C31EBB /* responseModel.swift in Sources */ = {isa = PBXBuildFile; fileRef = D372AC04294B78AF00C31EBB /* responseModel.swift */; };
		D38FC6FB2957063700E62017 /* track.gpx in Resources */ = {isa = PBXBuildFile; fileRef = D38FC6FA2957063700E62017 /* track.gpx */; };
		D38FC6FD29570B8F00E62017 /* BackgroundThread.swift in Sources */ = {isa = PBXBuildFile; fileRef = D38FC6FC29570B8F00E62017 /* BackgroundThread.swift */; };
		D39F7C24294B5D5100C132CD /* CompersionTwoRoutesViewController.swift in Sources */ = {isa = PBXBuildFile; fileRef = D39F7C23294B5D5100C132CD /* CompersionTwoRoutesViewController.swift */; };
		D39F7C27294B5E0D00C132CD /* Esri.swift in Sources */ = {isa = PBXBuildFile; fileRef = D39F7C26294B5E0D00C132CD /* Esri.swift */; };
		D3CEA5302958CA2900D5F2BA /* NavigateRouteViewController.swift in Sources */ = {isa = PBXBuildFile; fileRef = D3CEA52F2958CA2900D5F2BA /* NavigateRouteViewController.swift */; };
		D3CEA5322958CEC200D5F2BA /* NavigateRouteViewControllerExtension.swift in Sources */ = {isa = PBXBuildFile; fileRef = D3CEA5312958CEC200D5F2BA /* NavigateRouteViewControllerExtension.swift */; };
		D3F1B3A2294107B900331AD5 /* AppDelegate.swift in Sources */ = {isa = PBXBuildFile; fileRef = D3F1B3A1294107B900331AD5 /* AppDelegate.swift */; };
		D3F1B3A4294107B900331AD5 /* SceneDelegate.swift in Sources */ = {isa = PBXBuildFile; fileRef = D3F1B3A3294107B900331AD5 /* SceneDelegate.swift */; };
		D3F1B3A6294107B900331AD5 /* MapViewController.swift in Sources */ = {isa = PBXBuildFile; fileRef = D3F1B3A5294107B900331AD5 /* MapViewController.swift */; };
		D3F1B3A9294107B900331AD5 /* Main.storyboard in Resources */ = {isa = PBXBuildFile; fileRef = D3F1B3A7294107B900331AD5 /* Main.storyboard */; };
		D3F1B3AB294107BB00331AD5 /* Assets.xcassets in Resources */ = {isa = PBXBuildFile; fileRef = D3F1B3AA294107BB00331AD5 /* Assets.xcassets */; };
		D3F1B3AE294107BB00331AD5 /* LaunchScreen.storyboard in Resources */ = {isa = PBXBuildFile; fileRef = D3F1B3AC294107BB00331AD5 /* LaunchScreen.storyboard */; };
		D3F1B3BB29410B4500331AD5 /* pointModel.swift in Sources */ = {isa = PBXBuildFile; fileRef = D3F1B3BA29410B4500331AD5 /* pointModel.swift */; };
/* End PBXBuildFile section */

/* Begin PBXFileReference section */
		33339151202147B7BDF93831 /* Pods_trackingEsri.framework */ = {isa = PBXFileReference; explicitFileType = wrapper.framework; includeInIndex = 0; path = Pods_trackingEsri.framework; sourceTree = BUILT_PRODUCTS_DIR; };
		6B109ADB9F01CAE1498FAEE1 /* Pods-trackingEsri.release.xcconfig */ = {isa = PBXFileReference; includeInIndex = 1; lastKnownFileType = text.xcconfig; name = "Pods-trackingEsri.release.xcconfig"; path = "Target Support Files/Pods-trackingEsri/Pods-trackingEsri.release.xcconfig"; sourceTree = "<group>"; };
		829DEB84850843C5C43C69C1 /* Pods-trackingEsri.debug.xcconfig */ = {isa = PBXFileReference; includeInIndex = 1; lastKnownFileType = text.xcconfig; name = "Pods-trackingEsri.debug.xcconfig"; path = "Target Support Files/Pods-trackingEsri/Pods-trackingEsri.debug.xcconfig"; sourceTree = "<group>"; };
		D31F786E2942603800E02FD5 /* GeoCoderMapViewController.swift */ = {isa = PBXFileReference; lastKnownFileType = sourcecode.swift; path = GeoCoderMapViewController.swift; sourceTree = "<group>"; };
		D34BB7E4294B961F003927C0 /* CompersionTwoRoutesExtensions.swift */ = {isa = PBXFileReference; lastKnownFileType = sourcecode.swift; path = CompersionTwoRoutesExtensions.swift; sourceTree = "<group>"; };
		D372ABFF294B73ED00C31EBB /* GoogleService-Info.plist */ = {isa = PBXFileReference; fileEncoding = 4; lastKnownFileType = text.plist.xml; path = "GoogleService-Info.plist"; sourceTree = "<group>"; };
		D372AC02294B756F00C31EBB /* Firebase.swift */ = {isa = PBXFileReference; fileEncoding = 4; lastKnownFileType = sourcecode.swift; path = Firebase.swift; sourceTree = "<group>"; };
		D372AC04294B78AF00C31EBB /* responseModel.swift */ = {isa = PBXFileReference; lastKnownFileType = sourcecode.swift; path = responseModel.swift; sourceTree = "<group>"; };
		D38FC6FA2957063700E62017 /* track.gpx */ = {isa = PBXFileReference; fileEncoding = 4; lastKnownFileType = text.xml; path = track.gpx; sourceTree = "<group>"; };
		D38FC6FC29570B8F00E62017 /* BackgroundThread.swift */ = {isa = PBXFileReference; lastKnownFileType = sourcecode.swift; path = BackgroundThread.swift; sourceTree = "<group>"; };
		D39F7C23294B5D5100C132CD /* CompersionTwoRoutesViewController.swift */ = {isa = PBXFileReference; lastKnownFileType = sourcecode.swift; path = CompersionTwoRoutesViewController.swift; sourceTree = "<group>"; };
		D39F7C26294B5E0D00C132CD /* Esri.swift */ = {isa = PBXFileReference; lastKnownFileType = sourcecode.swift; path = Esri.swift; sourceTree = "<group>"; };
		D3CEA52F2958CA2900D5F2BA /* NavigateRouteViewController.swift */ = {isa = PBXFileReference; lastKnownFileType = sourcecode.swift; path = NavigateRouteViewController.swift; sourceTree = "<group>"; };
		D3CEA5312958CEC200D5F2BA /* NavigateRouteViewControllerExtension.swift */ = {isa = PBXFileReference; lastKnownFileType = sourcecode.swift; path = NavigateRouteViewControllerExtension.swift; sourceTree = "<group>"; };
		D3F1B39E294107B900331AD5 /* trackingEsri.app */ = {isa = PBXFileReference; explicitFileType = wrapper.application; includeInIndex = 0; path = trackingEsri.app; sourceTree = BUILT_PRODUCTS_DIR; };
		D3F1B3A1294107B900331AD5 /* AppDelegate.swift */ = {isa = PBXFileReference; lastKnownFileType = sourcecode.swift; path = AppDelegate.swift; sourceTree = "<group>"; };
		D3F1B3A3294107B900331AD5 /* SceneDelegate.swift */ = {isa = PBXFileReference; lastKnownFileType = sourcecode.swift; path = SceneDelegate.swift; sourceTree = "<group>"; };
		D3F1B3A5294107B900331AD5 /* MapViewController.swift */ = {isa = PBXFileReference; lastKnownFileType = sourcecode.swift; path = MapViewController.swift; sourceTree = "<group>"; };
		D3F1B3A8294107B900331AD5 /* Base */ = {isa = PBXFileReference; lastKnownFileType = file.storyboard; name = Base; path = Base.lproj/Main.storyboard; sourceTree = "<group>"; };
		D3F1B3AA294107BB00331AD5 /* Assets.xcassets */ = {isa = PBXFileReference; lastKnownFileType = folder.assetcatalog; path = Assets.xcassets; sourceTree = "<group>"; };
		D3F1B3AD294107BB00331AD5 /* Base */ = {isa = PBXFileReference; lastKnownFileType = file.storyboard; name = Base; path = Base.lproj/LaunchScreen.storyboard; sourceTree = "<group>"; };
		D3F1B3AF294107BB00331AD5 /* Info.plist */ = {isa = PBXFileReference; lastKnownFileType = text.plist.xml; path = Info.plist; sourceTree = "<group>"; };
		D3F1B3BA29410B4500331AD5 /* pointModel.swift */ = {isa = PBXFileReference; lastKnownFileType = sourcecode.swift; path = pointModel.swift; sourceTree = "<group>"; };
/* End PBXFileReference section */

/* Begin PBXFrameworksBuildPhase section */
		D3F1B39B294107B900331AD5 /* Frameworks */ = {
			isa = PBXFrameworksBuildPhase;
			buildActionMask = 2147483647;
			files = (
				8B49EC11C06EFCB69AB4D402 /* Pods_trackingEsri.framework in Frameworks */,
			);
			runOnlyForDeploymentPostprocessing = 0;
		};
/* End PBXFrameworksBuildPhase section */

/* Begin PBXGroup section */
		29C5FBC705F1C07EE92AD99B /* Frameworks */ = {
			isa = PBXGroup;
			children = (
				33339151202147B7BDF93831 /* Pods_trackingEsri.framework */,
			);
			name = Frameworks;
			sourceTree = "<group>";
		};
		4BCD004DD18BCAABDA56C4E3 /* Pods */ = {
			isa = PBXGroup;
			children = (
				829DEB84850843C5C43C69C1 /* Pods-trackingEsri.debug.xcconfig */,
				6B109ADB9F01CAE1498FAEE1 /* Pods-trackingEsri.release.xcconfig */,
			);
			path = Pods;
			sourceTree = "<group>";
		};
		D34BB7E3294B9603003927C0 /* traking */ = {
			isa = PBXGroup;
			children = (
				D39F7C23294B5D5100C132CD /* CompersionTwoRoutesViewController.swift */,
				D34BB7E4294B961F003927C0 /* CompersionTwoRoutesExtensions.swift */,
			);
			path = traking;
			sourceTree = "<group>";
		};
		D372AC01294B756F00C31EBB /* Firebase */ = {
			isa = PBXGroup;
			children = (
				D372AC02294B756F00C31EBB /* Firebase.swift */,
			);
			path = Firebase;
			sourceTree = "<group>";
		};
		D39F7C25294B5DFB00C132CD /* Esri Model */ = {
			isa = PBXGroup;
			children = (
				D39F7C26294B5E0D00C132CD /* Esri.swift */,
			);
			path = "Esri Model";
			sourceTree = "<group>";
		};
		D3CEA52E2958CA0A00D5F2BA /* Navigation */ = {
			isa = PBXGroup;
			children = (
				D3CEA52F2958CA2900D5F2BA /* NavigateRouteViewController.swift */,
				D3CEA5312958CEC200D5F2BA /* NavigateRouteViewControllerExtension.swift */,
			);
			path = Navigation;
			sourceTree = "<group>";
		};
		D3F1B395294107B900331AD5 = {
			isa = PBXGroup;
			children = (
				D3F1B3A0294107B900331AD5 /* trackingEsri */,
				D3F1B39F294107B900331AD5 /* Products */,
				4BCD004DD18BCAABDA56C4E3 /* Pods */,
				29C5FBC705F1C07EE92AD99B /* Frameworks */,
			);
			sourceTree = "<group>";
		};
		D3F1B39F294107B900331AD5 /* Products */ = {
			isa = PBXGroup;
			children = (
				D3F1B39E294107B900331AD5 /* trackingEsri.app */,
			);
			name = Products;
			sourceTree = "<group>";
		};
		D3F1B3A0294107B900331AD5 /* trackingEsri */ = {
			isa = PBXGroup;
			children = (
				D3F1B3B5294107CB00331AD5 /* AppDelegate */,
				D3F1B3B8294107FF00331AD5 /* launchSxreen */,
				D39F7C25294B5DFB00C132CD /* Esri Model */,
				D372AC01294B756F00C31EBB /* Firebase */,
				D3F1B3B929410B3100331AD5 /* Model */,
				D3F1B3B6294107EE00331AD5 /* Controller */,
				D3F1B3B7294107F800331AD5 /* Assists */,
			);
			path = trackingEsri;
			sourceTree = "<group>";
		};
		D3F1B3B5294107CB00331AD5 /* AppDelegate */ = {
			isa = PBXGroup;
			children = (
				D3F1B3A1294107B900331AD5 /* AppDelegate.swift */,
				D3F1B3A3294107B900331AD5 /* SceneDelegate.swift */,
			);
			path = AppDelegate;
			sourceTree = "<group>";
		};
		D3F1B3B6294107EE00331AD5 /* Controller */ = {
			isa = PBXGroup;
			children = (
				D3F1B3A5294107B900331AD5 /* MapViewController.swift */,
				D31F786E2942603800E02FD5 /* GeoCoderMapViewController.swift */,
				D34BB7E3294B9603003927C0 /* traking */,
				D3CEA52E2958CA0A00D5F2BA /* Navigation */,
				D3F1B3A7294107B900331AD5 /* Main.storyboard */,
			);
			path = Controller;
			sourceTree = "<group>";
		};
		D3F1B3B7294107F800331AD5 /* Assists */ = {
			isa = PBXGroup;
			children = (
				D38FC6FA2957063700E62017 /* track.gpx */,
				D372ABFF294B73ED00C31EBB /* GoogleService-Info.plist */,
				D3F1B3AA294107BB00331AD5 /* Assets.xcassets */,
				D3F1B3AF294107BB00331AD5 /* Info.plist */,
				D38FC6FC29570B8F00E62017 /* BackgroundThread.swift */,
			);
			path = Assists;
			sourceTree = "<group>";
		};
		D3F1B3B8294107FF00331AD5 /* launchSxreen */ = {
			isa = PBXGroup;
			children = (
				D3F1B3AC294107BB00331AD5 /* LaunchScreen.storyboard */,
			);
			path = launchSxreen;
			sourceTree = "<group>";
		};
		D3F1B3B929410B3100331AD5 /* Model */ = {
			isa = PBXGroup;
			children = (
				D3F1B3BA29410B4500331AD5 /* pointModel.swift */,
				D372AC04294B78AF00C31EBB /* responseModel.swift */,
			);
			path = Model;
			sourceTree = "<group>";
		};
/* End PBXGroup section */

/* Begin PBXNativeTarget section */
		D3F1B39D294107B900331AD5 /* trackingEsri */ = {
			isa = PBXNativeTarget;
			buildConfigurationList = D3F1B3B2294107BB00331AD5 /* Build configuration list for PBXNativeTarget "trackingEsri" */;
			buildPhases = (
				FEC062401E368A39045FA7E6 /* [CP] Check Pods Manifest.lock */,
				D3F1B39A294107B900331AD5 /* Sources */,
				D3F1B39B294107B900331AD5 /* Frameworks */,
				D3F1B39C294107B900331AD5 /* Resources */,
				C5956DE4B0101616DC99D7B7 /* [CP] Embed Pods Frameworks */,
			);
			buildRules = (
			);
			dependencies = (
			);
			name = trackingEsri;
			productName = trackingEsri;
			productReference = D3F1B39E294107B900331AD5 /* trackingEsri.app */;
			productType = "com.apple.product-type.application";
		};
/* End PBXNativeTarget section */

/* Begin PBXProject section */
		D3F1B396294107B900331AD5 /* Project object */ = {
			isa = PBXProject;
			attributes = {
				BuildIndependentTargetsInParallel = 1;
				LastSwiftUpdateCheck = 1330;
				LastUpgradeCheck = 1330;
				TargetAttributes = {
					D3F1B39D294107B900331AD5 = {
						CreatedOnToolsVersion = 13.3;
					};
				};
			};
			buildConfigurationList = D3F1B399294107B900331AD5 /* Build configuration list for PBXProject "trackingEsri" */;
			compatibilityVersion = "Xcode 13.0";
			developmentRegion = en;
			hasScannedForEncodings = 0;
			knownRegions = (
				en,
				Base,
			);
			mainGroup = D3F1B395294107B900331AD5;
			productRefGroup = D3F1B39F294107B900331AD5 /* Products */;
			projectDirPath = "";
			projectRoot = "";
			targets = (
				D3F1B39D294107B900331AD5 /* trackingEsri */,
			);
		};
/* End PBXProject section */

/* Begin PBXResourcesBuildPhase section */
		D3F1B39C294107B900331AD5 /* Resources */ = {
			isa = PBXResourcesBuildPhase;
			buildActionMask = 2147483647;
			files = (
				D3F1B3AE294107BB00331AD5 /* LaunchScreen.storyboard in Resources */,
				D372AC00294B73ED00C31EBB /* GoogleService-Info.plist in Resources */,
				D38FC6FB2957063700E62017 /* track.gpx in Resources */,
				D3F1B3AB294107BB00331AD5 /* Assets.xcassets in Resources */,
				D3F1B3A9294107B900331AD5 /* Main.storyboard in Resources */,
			);
			runOnlyForDeploymentPostprocessing = 0;
		};
/* End PBXResourcesBuildPhase section */

/* Begin PBXShellScriptBuildPhase section */
		C5956DE4B0101616DC99D7B7 /* [CP] Embed Pods Frameworks */ = {
			isa = PBXShellScriptBuildPhase;
			buildActionMask = 2147483647;
			files = (
			);
			inputFileListPaths = (
				"${PODS_ROOT}/Target Support Files/Pods-trackingEsri/Pods-trackingEsri-frameworks-${CONFIGURATION}-input-files.xcfilelist",
			);
			name = "[CP] Embed Pods Frameworks";
			outputFileListPaths = (
				"${PODS_ROOT}/Target Support Files/Pods-trackingEsri/Pods-trackingEsri-frameworks-${CONFIGURATION}-output-files.xcfilelist",
			);
			runOnlyForDeploymentPostprocessing = 0;
			shellPath = /bin/sh;
			shellScript = "\"${PODS_ROOT}/Target Support Files/Pods-trackingEsri/Pods-trackingEsri-frameworks.sh\"\n";
			showEnvVarsInLog = 0;
		};
		FEC062401E368A39045FA7E6 /* [CP] Check Pods Manifest.lock */ = {
			isa = PBXShellScriptBuildPhase;
			buildActionMask = 2147483647;
			files = (
			);
			inputFileListPaths = (
			);
			inputPaths = (
				"${PODS_PODFILE_DIR_PATH}/Podfile.lock",
				"${PODS_ROOT}/Manifest.lock",
			);
			name = "[CP] Check Pods Manifest.lock";
			outputFileListPaths = (
			);
			outputPaths = (
				"$(DERIVED_FILE_DIR)/Pods-trackingEsri-checkManifestLockResult.txt",
			);
			runOnlyForDeploymentPostprocessing = 0;
			shellPath = /bin/sh;
			shellScript = "diff \"${PODS_PODFILE_DIR_PATH}/Podfile.lock\" \"${PODS_ROOT}/Manifest.lock\" > /dev/null\nif [ $? != 0 ] ; then\n    # print error to STDERR\n    echo \"error: The sandbox is not in sync with the Podfile.lock. Run 'pod install' or update your CocoaPods installation.\" >&2\n    exit 1\nfi\n# This output is used by Xcode 'outputs' to avoid re-running this script phase.\necho \"SUCCESS\" > \"${SCRIPT_OUTPUT_FILE_0}\"\n";
			showEnvVarsInLog = 0;
		};
/* End PBXShellScriptBuildPhase section */

/* Begin PBXSourcesBuildPhase section */
		D3F1B39A294107B900331AD5 /* Sources */ = {
			isa = PBXSourcesBuildPhase;
			buildActionMask = 2147483647;
			files = (
				D39F7C27294B5E0D00C132CD /* Esri.swift in Sources */,
				D3CEA5322958CEC200D5F2BA /* NavigateRouteViewControllerExtension.swift in Sources */,
				D3F1B3A6294107B900331AD5 /* MapViewController.swift in Sources */,
				D372AC03294B756F00C31EBB /* Firebase.swift in Sources */,
				D31F786F2942603800E02FD5 /* GeoCoderMapViewController.swift in Sources */,
				D39F7C24294B5D5100C132CD /* CompersionTwoRoutesViewController.swift in Sources */,
				D3F1B3A2294107B900331AD5 /* AppDelegate.swift in Sources */,
				D38FC6FD29570B8F00E62017 /* BackgroundThread.swift in Sources */,
				D3CEA5302958CA2900D5F2BA /* NavigateRouteViewController.swift in Sources */,
				D372AC05294B78AF00C31EBB /* responseModel.swift in Sources */,
				D3F1B3BB29410B4500331AD5 /* pointModel.swift in Sources */,
				D3F1B3A4294107B900331AD5 /* SceneDelegate.swift in Sources */,
				D34BB7E5294B961F003927C0 /* CompersionTwoRoutesExtensions.swift in Sources */,
			);
			runOnlyForDeploymentPostprocessing = 0;
		};
/* End PBXSourcesBuildPhase section */

/* Begin PBXVariantGroup section */
		D3F1B3A7294107B900331AD5 /* Main.storyboard */ = {
			isa = PBXVariantGroup;
			children = (
				D3F1B3A8294107B900331AD5 /* Base */,
			);
			name = Main.storyboard;
			sourceTree = "<group>";
		};
		D3F1B3AC294107BB00331AD5 /* LaunchScreen.storyboard */ = {
			isa = PBXVariantGroup;
			children = (
				D3F1B3AD294107BB00331AD5 /* Base */,
			);
			name = LaunchScreen.storyboard;
			sourceTree = "<group>";
		};
/* End PBXVariantGroup section */

/* Begin XCBuildConfiguration section */
		D3F1B3B0294107BB00331AD5 /* Debug */ = {
			isa = XCBuildConfiguration;
			buildSettings = {
				ALWAYS_SEARCH_USER_PATHS = NO;
				CLANG_ANALYZER_NONNULL = YES;
				CLANG_ANALYZER_NUMBER_OBJECT_CONVERSION = YES_AGGRESSIVE;
				CLANG_CXX_LANGUAGE_STANDARD = "gnu++17";
				CLANG_ENABLE_MODULES = YES;
				CLANG_ENABLE_OBJC_ARC = YES;
				CLANG_ENABLE_OBJC_WEAK = YES;
				CLANG_WARN_BLOCK_CAPTURE_AUTORELEASING = YES;
				CLANG_WARN_BOOL_CONVERSION = YES;
				CLANG_WARN_COMMA = YES;
				CLANG_WARN_CONSTANT_CONVERSION = YES;
				CLANG_WARN_DEPRECATED_OBJC_IMPLEMENTATIONS = YES;
				CLANG_WARN_DIRECT_OBJC_ISA_USAGE = YES_ERROR;
				CLANG_WARN_DOCUMENTATION_COMMENTS = YES;
				CLANG_WARN_EMPTY_BODY = YES;
				CLANG_WARN_ENUM_CONVERSION = YES;
				CLANG_WARN_INFINITE_RECURSION = YES;
				CLANG_WARN_INT_CONVERSION = YES;
				CLANG_WARN_NON_LITERAL_NULL_CONVERSION = YES;
				CLANG_WARN_OBJC_IMPLICIT_RETAIN_SELF = YES;
				CLANG_WARN_OBJC_LITERAL_CONVERSION = YES;
				CLANG_WARN_OBJC_ROOT_CLASS = YES_ERROR;
				CLANG_WARN_QUOTED_INCLUDE_IN_FRAMEWORK_HEADER = YES;
				CLANG_WARN_RANGE_LOOP_ANALYSIS = YES;
				CLANG_WARN_STRICT_PROTOTYPES = YES;
				CLANG_WARN_SUSPICIOUS_MOVE = YES;
				CLANG_WARN_UNGUARDED_AVAILABILITY = YES_AGGRESSIVE;
				CLANG_WARN_UNREACHABLE_CODE = YES;
				CLANG_WARN__DUPLICATE_METHOD_MATCH = YES;
				COPY_PHASE_STRIP = NO;
				DEBUG_INFORMATION_FORMAT = dwarf;
				ENABLE_STRICT_OBJC_MSGSEND = YES;
				ENABLE_TESTABILITY = YES;
				GCC_C_LANGUAGE_STANDARD = gnu11;
				GCC_DYNAMIC_NO_PIC = NO;
				GCC_NO_COMMON_BLOCKS = YES;
				GCC_OPTIMIZATION_LEVEL = 0;
				GCC_PREPROCESSOR_DEFINITIONS = (
					"DEBUG=1",
					"$(inherited)",
				);
				GCC_WARN_64_TO_32_BIT_CONVERSION = YES;
				GCC_WARN_ABOUT_RETURN_TYPE = YES_ERROR;
				GCC_WARN_UNDECLARED_SELECTOR = YES;
				GCC_WARN_UNINITIALIZED_AUTOS = YES_AGGRESSIVE;
				GCC_WARN_UNUSED_FUNCTION = YES;
				GCC_WARN_UNUSED_VARIABLE = YES;
				IPHONEOS_DEPLOYMENT_TARGET = 15.4;
				MTL_ENABLE_DEBUG_INFO = INCLUDE_SOURCE;
				MTL_FAST_MATH = YES;
				ONLY_ACTIVE_ARCH = YES;
				SDKROOT = iphoneos;
				SWIFT_ACTIVE_COMPILATION_CONDITIONS = DEBUG;
				SWIFT_OPTIMIZATION_LEVEL = "-Onone";
			};
			name = Debug;
		};
		D3F1B3B1294107BB00331AD5 /* Release */ = {
			isa = XCBuildConfiguration;
			buildSettings = {
				ALWAYS_SEARCH_USER_PATHS = NO;
				CLANG_ANALYZER_NONNULL = YES;
				CLANG_ANALYZER_NUMBER_OBJECT_CONVERSION = YES_AGGRESSIVE;
				CLANG_CXX_LANGUAGE_STANDARD = "gnu++17";
				CLANG_ENABLE_MODULES = YES;
				CLANG_ENABLE_OBJC_ARC = YES;
				CLANG_ENABLE_OBJC_WEAK = YES;
				CLANG_WARN_BLOCK_CAPTURE_AUTORELEASING = YES;
				CLANG_WARN_BOOL_CONVERSION = YES;
				CLANG_WARN_COMMA = YES;
				CLANG_WARN_CONSTANT_CONVERSION = YES;
				CLANG_WARN_DEPRECATED_OBJC_IMPLEMENTATIONS = YES;
				CLANG_WARN_DIRECT_OBJC_ISA_USAGE = YES_ERROR;
				CLANG_WARN_DOCUMENTATION_COMMENTS = YES;
				CLANG_WARN_EMPTY_BODY = YES;
				CLANG_WARN_ENUM_CONVERSION = YES;
				CLANG_WARN_INFINITE_RECURSION = YES;
				CLANG_WARN_INT_CONVERSION = YES;
				CLANG_WARN_NON_LITERAL_NULL_CONVERSION = YES;
				CLANG_WARN_OBJC_IMPLICIT_RETAIN_SELF = YES;
				CLANG_WARN_OBJC_LITERAL_CONVERSION = YES;
				CLANG_WARN_OBJC_ROOT_CLASS = YES_ERROR;
				CLANG_WARN_QUOTED_INCLUDE_IN_FRAMEWORK_HEADER = YES;
				CLANG_WARN_RANGE_LOOP_ANALYSIS = YES;
				CLANG_WARN_STRICT_PROTOTYPES = YES;
				CLANG_WARN_SUSPICIOUS_MOVE = YES;
				CLANG_WARN_UNGUARDED_AVAILABILITY = YES_AGGRESSIVE;
				CLANG_WARN_UNREACHABLE_CODE = YES;
				CLANG_WARN__DUPLICATE_METHOD_MATCH = YES;
				COPY_PHASE_STRIP = NO;
				DEBUG_INFORMATION_FORMAT = "dwarf-with-dsym";
				ENABLE_NS_ASSERTIONS = NO;
				ENABLE_STRICT_OBJC_MSGSEND = YES;
				GCC_C_LANGUAGE_STANDARD = gnu11;
				GCC_NO_COMMON_BLOCKS = YES;
				GCC_WARN_64_TO_32_BIT_CONVERSION = YES;
				GCC_WARN_ABOUT_RETURN_TYPE = YES_ERROR;
				GCC_WARN_UNDECLARED_SELECTOR = YES;
				GCC_WARN_UNINITIALIZED_AUTOS = YES_AGGRESSIVE;
				GCC_WARN_UNUSED_FUNCTION = YES;
				GCC_WARN_UNUSED_VARIABLE = YES;
				IPHONEOS_DEPLOYMENT_TARGET = 15.4;
				MTL_ENABLE_DEBUG_INFO = NO;
				MTL_FAST_MATH = YES;
				SDKROOT = iphoneos;
				SWIFT_COMPILATION_MODE = wholemodule;
				SWIFT_OPTIMIZATION_LEVEL = "-O";
				VALIDATE_PRODUCT = YES;
			};
			name = Release;
		};
		D3F1B3B3294107BB00331AD5 /* Debug */ = {
			isa = XCBuildConfiguration;
			baseConfigurationReference = 829DEB84850843C5C43C69C1 /* Pods-trackingEsri.debug.xcconfig */;
			buildSettings = {
				ASSETCATALOG_COMPILER_APPICON_NAME = AppIcon;
				ASSETCATALOG_COMPILER_GLOBAL_ACCENT_COLOR_NAME = AccentColor;
				CODE_SIGN_STYLE = Automatic;
				CURRENT_PROJECT_VERSION = 1;
				DEVELOPMENT_TEAM = X4YZSY77G5;
				GENERATE_INFOPLIST_FILE = YES;
				INFOPLIST_FILE = trackingEsri/Assists/Info.plist;
				INFOPLIST_KEY_NSLocationAlwaysAndWhenInUseUsageDescription = "We want to your location to track you in the correct track";
				INFOPLIST_KEY_NSLocationAlwaysUsageDescription = "We want to your location to track you in the correct track";
				INFOPLIST_KEY_UIApplicationSupportsIndirectInputEvents = YES;
				INFOPLIST_KEY_UILaunchStoryboardName = LaunchScreen;
				INFOPLIST_KEY_UIMainStoryboardFile = Main;
				INFOPLIST_KEY_UISupportedInterfaceOrientations_iPad = "UIInterfaceOrientationPortrait UIInterfaceOrientationPortraitUpsideDown UIInterfaceOrientationLandscapeLeft UIInterfaceOrientationLandscapeRight";
				INFOPLIST_KEY_UISupportedInterfaceOrientations_iPhone = "UIInterfaceOrientationPortrait UIInterfaceOrientationLandscapeLeft UIInterfaceOrientationLandscapeRight";
				INFOPLIST_KEY_UIUserInterfaceStyle = Light;
				IPHONEOS_DEPLOYMENT_TARGET = 13.0;
				LD_RUNPATH_SEARCH_PATHS = (
					"$(inherited)",
					"@executable_path/Frameworks",
				);
				MARKETING_VERSION = 1.0;
				PRODUCT_BUNDLE_IDENTIFIER = com.myorginization199.trackingEsri;
				PRODUCT_NAME = "$(TARGET_NAME)";
				SWIFT_EMIT_LOC_STRINGS = YES;
				SWIFT_VERSION = 5.0;
				TARGETED_DEVICE_FAMILY = 1;
			};
			name = Debug;
		};
		D3F1B3B4294107BB00331AD5 /* Release */ = {
			isa = XCBuildConfiguration;
			baseConfigurationReference = 6B109ADB9F01CAE1498FAEE1 /* Pods-trackingEsri.release.xcconfig */;
			buildSettings = {
				ASSETCATALOG_COMPILER_APPICON_NAME = AppIcon;
				ASSETCATALOG_COMPILER_GLOBAL_ACCENT_COLOR_NAME = AccentColor;
				CODE_SIGN_STYLE = Automatic;
				CURRENT_PROJECT_VERSION = 1;
				DEVELOPMENT_TEAM = X4YZSY77G5;
				GENERATE_INFOPLIST_FILE = YES;
				INFOPLIST_FILE = trackingEsri/Assists/Info.plist;
				INFOPLIST_KEY_NSLocationAlwaysAndWhenInUseUsageDescription = "We want to your location to track you in the correct track";
				INFOPLIST_KEY_NSLocationAlwaysUsageDescription = "We want to your location to track you in the correct track";
				INFOPLIST_KEY_UIApplicationSupportsIndirectInputEvents = YES;
				INFOPLIST_KEY_UILaunchStoryboardName = LaunchScreen;
				INFOPLIST_KEY_UIMainStoryboardFile = Main;
				INFOPLIST_KEY_UISupportedInterfaceOrientations_iPad = "UIInterfaceOrientationPortrait UIInterfaceOrientationPortraitUpsideDown UIInterfaceOrientationLandscapeLeft UIInterfaceOrientationLandscapeRight";
				INFOPLIST_KEY_UISupportedInterfaceOrientations_iPhone = "UIInterfaceOrientationPortrait UIInterfaceOrientationLandscapeLeft UIInterfaceOrientationLandscapeRight";
				INFOPLIST_KEY_UIUserInterfaceStyle = Light;
				IPHONEOS_DEPLOYMENT_TARGET = 13.0;
				LD_RUNPATH_SEARCH_PATHS = (
					"$(inherited)",
					"@executable_path/Frameworks",
				);
				MARKETING_VERSION = 1.0;
				PRODUCT_BUNDLE_IDENTIFIER = com.myorginization199.trackingEsri;
				PRODUCT_NAME = "$(TARGET_NAME)";
				SWIFT_EMIT_LOC_STRINGS = YES;
				SWIFT_VERSION = 5.0;
				TARGETED_DEVICE_FAMILY = 1;
			};
			name = Release;
		};
/* End XCBuildConfiguration section */

/* Begin XCConfigurationList section */
		D3F1B399294107B900331AD5 /* Build configuration list for PBXProject "trackingEsri" */ = {
			isa = XCConfigurationList;
			buildConfigurations = (
				D3F1B3B0294107BB00331AD5 /* Debug */,
				D3F1B3B1294107BB00331AD5 /* Release */,
			);
			defaultConfigurationIsVisible = 0;
			defaultConfigurationName = Release;
		};
		D3F1B3B2294107BB00331AD5 /* Build configuration list for PBXNativeTarget "trackingEsri" */ = {
			isa = XCConfigurationList;
			buildConfigurations = (
				D3F1B3B3294107BB00331AD5 /* Debug */,
				D3F1B3B4294107BB00331AD5 /* Release */,
			);
			defaultConfigurationIsVisible = 0;
			defaultConfigurationName = Release;
		};
/* End XCConfigurationList section */
	};
	rootObject = D3F1B396294107B900331AD5 /* Project object */;
}
